
Microsoft Visual Studio Solution File, Format Version 12.00
# Visual Studio Version 17
VisualStudioVersion = 17.1.32421.90
MinimumVisualStudioVersion = 10.0.40219.1
Project("{FAE04EC0-301F-11D3-BF4B-00C04F79EFBC}") = "To-Do-List", "To-Do-List\To-Do-List.csproj", "{AD81A457-D39B-4F4C-9A04-D02B75DD6A6F}"
EndProject
Global
	GlobalSection(SolutionConfigurationPlatforms) = preSolution
		Debug|Any CPU = Debug|Any CPU
		Release|Any CPU = Release|Any CPU
	EndGlobalSection
	GlobalSection(ProjectConfigurationPlatforms) = postSolution
		{AD81A457-D39B-4F4C-9A04-D02B75DD6A6F}.Debug|Any CPU.ActiveCfg = Debug|Any CPU
		{AD81A457-D39B-4F4C-9A04-D02B75DD6A6F}.Debug|Any CPU.Build.0 = Debug|Any CPU
		{AD81A457-D39B-4F4C-9A04-D02B75DD6A6F}.Release|Any CPU.ActiveCfg = Release|Any CPU
		{AD81A457-D39B-4F4C-9A04-D02B75DD6A6F}.Release|Any CPU.Build.0 = Release|Any CPU
	EndGlobalSection
	GlobalSection(SolutionProperties) = preSolution
		HideSolutionNode = FALSE
	EndGlobalSection
	GlobalSection(ExtensibilityGlobals) = postSolution
		SolutionGuid = {E41FE82D-0443-4A8B-A2D3-E4414662AC8E}
	EndGlobalSection
EndGlobal
